
Microsoft Visual Studio Solution File, Format Version 12.00
# Visual Studio Version 16
VisualStudioVersion = 16.0.31025.194
MinimumVisualStudioVersion = 10.0.40219.1
Project("{9A19103F-16F7-4668-BE54-9A1E7A4F7556}") = "CogentCms.WebPublic", "CogentCms.WebPublic\CogentCms.WebPublic.csproj", "{B216B9BD-105B-405D-A56B-BD523B88EF97}"
EndProject
Project("{9A19103F-16F7-4668-BE54-9A1E7A4F7556}") = "CogentCms.WebAdmin", "CogentCms.WebAdmin\CogentCms.WebAdmin.csproj", "{E8720CA2-F7BB-4C4C-A40A-5B35AF1939E1}"
EndProject
Project("{9A19103F-16F7-4668-BE54-9A1E7A4F7556}") = "CogentCms.Core", "CogentCms.Core\CogentCms.Core.csproj", "{EA90868B-8C09-43C9-B36E-4DF043612EA6}"
EndProject
Project("{FAE04EC0-301F-11D3-BF4B-00C04F79EFBC}") = "CogentCms.Web", "CogentCms.Web\CogentCms.Web.csproj", "{6CC6F932-1BE2-4231-9481-81528D236259}"
EndProject
Global
	GlobalSection(SolutionConfigurationPlatforms) = preSolution
		Debug|Any CPU = Debug|Any CPU
		Release|Any CPU = Release|Any CPU
	EndGlobalSection
	GlobalSection(ProjectConfigurationPlatforms) = postSolution
		{B216B9BD-105B-405D-A56B-BD523B88EF97}.Debug|Any CPU.ActiveCfg = Debug|Any CPU
		{B216B9BD-105B-405D-A56B-BD523B88EF97}.Debug|Any CPU.Build.0 = Debug|Any CPU
		{B216B9BD-105B-405D-A56B-BD523B88EF97}.Release|Any CPU.ActiveCfg = Release|Any CPU
		{B216B9BD-105B-405D-A56B-BD523B88EF97}.Release|Any CPU.Build.0 = Release|Any CPU
		{E8720CA2-F7BB-4C4C-A40A-5B35AF1939E1}.Debug|Any CPU.ActiveCfg = Debug|Any CPU
		{E8720CA2-F7BB-4C4C-A40A-5B35AF1939E1}.Debug|Any CPU.Build.0 = Debug|Any CPU
		{E8720CA2-F7BB-4C4C-A40A-5B35AF1939E1}.Release|Any CPU.ActiveCfg = Release|Any CPU
		{E8720CA2-F7BB-4C4C-A40A-5B35AF1939E1}.Release|Any CPU.Build.0 = Release|Any CPU
		{EA90868B-8C09-43C9-B36E-4DF043612EA6}.Debug|Any CPU.ActiveCfg = Debug|Any CPU
		{EA90868B-8C09-43C9-B36E-4DF043612EA6}.Debug|Any CPU.Build.0 = Debug|Any CPU
		{EA90868B-8C09-43C9-B36E-4DF043612EA6}.Release|Any CPU.ActiveCfg = Release|Any CPU
		{EA90868B-8C09-43C9-B36E-4DF043612EA6}.Release|Any CPU.Build.0 = Release|Any CPU
		{6CC6F932-1BE2-4231-9481-81528D236259}.Debug|Any CPU.ActiveCfg = Debug|Any CPU
		{6CC6F932-1BE2-4231-9481-81528D236259}.Debug|Any CPU.Build.0 = Debug|Any CPU
		{6CC6F932-1BE2-4231-9481-81528D236259}.Release|Any CPU.ActiveCfg = Release|Any CPU
		{6CC6F932-1BE2-4231-9481-81528D236259}.Release|Any CPU.Build.0 = Release|Any CPU
	EndGlobalSection
	GlobalSection(SolutionProperties) = preSolution
		HideSolutionNode = FALSE
	EndGlobalSection
	GlobalSection(ExtensibilityGlobals) = postSolution
		SolutionGuid = {E688B30D-F5E2-4509-BDB9-E48B12B4EF0C}
	EndGlobalSection
EndGlobal
